
Microsoft Visual Studio Solution File, Format Version 12.00
# Visual Studio Version 16
VisualStudioVersion = 16.0.31702.278
MinimumVisualStudioVersion = 10.0.40219.1
Project("{FAE04EC0-301F-11D3-BF4B-00C04F79EFBC}") = "my-books1", "my-books1\my-books1.csproj", "{3EF63056-E6DB-4B9E-9EB3-603FCBF05CEA}"
EndProject
Global
	GlobalSection(SolutionConfigurationPlatforms) = preSolution
		Debug|Any CPU = Debug|Any CPU
		Release|Any CPU = Release|Any CPU
	EndGlobalSection
	GlobalSection(ProjectConfigurationPlatforms) = postSolution
		{3EF63056-E6DB-4B9E-9EB3-603FCBF05CEA}.Debug|Any CPU.ActiveCfg = Debug|Any CPU
		{3EF63056-E6DB-4B9E-9EB3-603FCBF05CEA}.Debug|Any CPU.Build.0 = Debug|Any CPU
		{3EF63056-E6DB-4B9E-9EB3-603FCBF05CEA}.Release|Any CPU.ActiveCfg = Release|Any CPU
		{3EF63056-E6DB-4B9E-9EB3-603FCBF05CEA}.Release|Any CPU.Build.0 = Release|Any CPU
	EndGlobalSection
	GlobalSection(SolutionProperties) = preSolution
		HideSolutionNode = FALSE
	EndGlobalSection
	GlobalSection(ExtensibilityGlobals) = postSolution
		SolutionGuid = {CC84E016-31D2-4A92-B51F-46596BD59C22}
	EndGlobalSection
EndGlobal
